
Microsoft Visual Studio Solution File, Format Version 12.00
# Visual Studio Version 17
VisualStudioVersion = 17.9.34607.119
MinimumVisualStudioVersion = 10.0.40219.1
Project("{FAE04EC0-301F-11D3-BF4B-00C04F79EFBC}") = "BrainHack", "BrainHack\BrainHack.csproj", "{32095BB6-1773-47AC-9E89-E79FD0B09BFB}"
EndProject
Project("{2150E333-8FDC-42A3-9474-1A3956D46DE8}") = "res", "res", "{3F5838D3-C32B-4EAD-ACE3-EF3133CCC2E1}"
	ProjectSection(SolutionItems) = preProject
		sample.bh = sample.bh
		syntax.txt = syntax.txt
	EndProjectSection
EndProject
Global
	GlobalSection(SolutionConfigurationPlatforms) = preSolution
		Debug|Any CPU = Debug|Any CPU
		Release|Any CPU = Release|Any CPU
	EndGlobalSection
	GlobalSection(ProjectConfigurationPlatforms) = postSolution
		{32095BB6-1773-47AC-9E89-E79FD0B09BFB}.Debug|Any CPU.ActiveCfg = Debug|Any CPU
		{32095BB6-1773-47AC-9E89-E79FD0B09BFB}.Debug|Any CPU.Build.0 = Debug|Any CPU
		{32095BB6-1773-47AC-9E89-E79FD0B09BFB}.Release|Any CPU.ActiveCfg = Release|Any CPU
		{32095BB6-1773-47AC-9E89-E79FD0B09BFB}.Release|Any CPU.Build.0 = Release|Any CPU
	EndGlobalSection
	GlobalSection(SolutionProperties) = preSolution
		HideSolutionNode = FALSE
	EndGlobalSection
	GlobalSection(ExtensibilityGlobals) = postSolution
		SolutionGuid = {378B42FC-7065-432A-897E-ACFA8638A674}
	EndGlobalSection
EndGlobal
